
Microsoft Visual Studio Solution File, Format Version 12.00
# Visual Studio Version 16
VisualStudioVersion = 16.0.30621.155
MinimumVisualStudioVersion = 10.0.40219.1
Project("{FAE04EC0-301F-11D3-BF4B-00C04F79EFBC}") = "aurdno", "led\aurdno.csproj", "{18F79EBE-E5A6-47AF-9A86-4481E328F416}"
EndProject
Global
	GlobalSection(SolutionConfigurationPlatforms) = preSolution
		Debug|Any CPU = Debug|Any CPU
		Release|Any CPU = Release|Any CPU
	EndGlobalSection
	GlobalSection(ProjectConfigurationPlatforms) = postSolution
		{18F79EBE-E5A6-47AF-9A86-4481E328F416}.Debug|Any CPU.ActiveCfg = Debug|Any CPU
		{18F79EBE-E5A6-47AF-9A86-4481E328F416}.Debug|Any CPU.Build.0 = Debug|Any CPU
		{18F79EBE-E5A6-47AF-9A86-4481E328F416}.Release|Any CPU.ActiveCfg = Release|Any CPU
		{18F79EBE-E5A6-47AF-9A86-4481E328F416}.Release|Any CPU.Build.0 = Release|Any CPU
	EndGlobalSection
	GlobalSection(SolutionProperties) = preSolution
		HideSolutionNode = FALSE
	EndGlobalSection
	GlobalSection(ExtensibilityGlobals) = postSolution
		SolutionGuid = {5C11B3D6-0D18-4B61-9B49-5E2E1BD3B784}
	EndGlobalSection
EndGlobal
